
Microsoft Visual Studio Solution File, Format Version 12.00
# Visual Studio 15
VisualStudioVersion = 15.0.28307.960
MinimumVisualStudioVersion = 10.0.40219.1
Project("{FAE04EC0-301F-11D3-BF4B-00C04F79EFBC}") = "ISET 2020 Decouverte WinForm", "ISET 2020 Découverte WinForm\ISET 2020 Decouverte WinForm.csproj", "{6E44DAE5-D8FD-4EAD-BFA7-6E109D633E2F}"
EndProject
Global
	GlobalSection(SolutionConfigurationPlatforms) = preSolution
		Debug|Any CPU = Debug|Any CPU
		Release|Any CPU = Release|Any CPU
	EndGlobalSection
	GlobalSection(ProjectConfigurationPlatforms) = postSolution
		{6E44DAE5-D8FD-4EAD-BFA7-6E109D633E2F}.Debug|Any CPU.ActiveCfg = Debug|Any CPU
		{6E44DAE5-D8FD-4EAD-BFA7-6E109D633E2F}.Debug|Any CPU.Build.0 = Debug|Any CPU
		{6E44DAE5-D8FD-4EAD-BFA7-6E109D633E2F}.Release|Any CPU.ActiveCfg = Release|Any CPU
		{6E44DAE5-D8FD-4EAD-BFA7-6E109D633E2F}.Release|Any CPU.Build.0 = Release|Any CPU
	EndGlobalSection
	GlobalSection(SolutionProperties) = preSolution
		HideSolutionNode = FALSE
	EndGlobalSection
	GlobalSection(ExtensibilityGlobals) = postSolution
		SolutionGuid = {F6D77C05-671E-4C90-A06A-E21A015E9410}
	EndGlobalSection
EndGlobal
